
Microsoft Visual Studio Solution File, Format Version 12.00
# Visual Studio 2013
VisualStudioVersion = 12.0.31101.0
MinimumVisualStudioVersion = 10.0.40219.1
Project("{FAE04EC0-301F-11D3-BF4B-00C04F79EFBC}") = "ProjectDigger", "ProjectDigger\ProjectDigger.csproj", "{F5CDF625-9A33-4E8B-8D1F-685BE0956030}"
EndProject
Project("{FAE04EC0-301F-11D3-BF4B-00C04F79EFBC}") = "DevOpsFlex.InspectSolution", "DevOpsFlex.InspectSolution\DevOpsFlex.InspectSolution.csproj", "{D2113B05-AA85-43D6-BF40-3E5EAEC503A2}"
EndProject
Project("{FAE04EC0-301F-11D3-BF4B-00C04F79EFBC}") = "DevOpsFlex.Core", "DevOpsFlex.Core\DevOpsFlex.Core.csproj", "{FFEAB96F-1600-4853-A30D-3200B239212E}"
EndProject
Project("{FAE04EC0-301F-11D3-BF4B-00C04F79EFBC}") = "DevOpsFlex.WPF.Core", "DevOpsFlex.WPF.Core\DevOpsFlex.WPF.Core.csproj", "{74D11C3C-B0D6-4B97-AA47-41872891BCA6}"
EndProject
Project("{2150E333-8FDC-42A3-9474-1A3956D46DE8}") = "Tests", "Tests", "{9B11DC28-17DE-402D-AAC1-4447C9CD0295}"
EndProject
Project("{FAE04EC0-301F-11D3-BF4B-00C04F79EFBC}") = "DevOpsFlex.InspectSolution.Tests", "Tests\DevOpsFlex.InspectSolution.Tests\DevOpsFlex.InspectSolution.Tests.csproj", "{21C2042E-023C-46DB-B72C-0EA194D1863D}"
EndProject
Global
	GlobalSection(SolutionConfigurationPlatforms) = preSolution
		Debug|Any CPU = Debug|Any CPU
		Release|Any CPU = Release|Any CPU
	EndGlobalSection
	GlobalSection(ProjectConfigurationPlatforms) = postSolution
		{F5CDF625-9A33-4E8B-8D1F-685BE0956030}.Debug|Any CPU.ActiveCfg = Debug|Any CPU
		{F5CDF625-9A33-4E8B-8D1F-685BE0956030}.Debug|Any CPU.Build.0 = Debug|Any CPU
		{F5CDF625-9A33-4E8B-8D1F-685BE0956030}.Release|Any CPU.ActiveCfg = Release|Any CPU
		{F5CDF625-9A33-4E8B-8D1F-685BE0956030}.Release|Any CPU.Build.0 = Release|Any CPU
		{D2113B05-AA85-43D6-BF40-3E5EAEC503A2}.Debug|Any CPU.ActiveCfg = Debug|Any CPU
		{D2113B05-AA85-43D6-BF40-3E5EAEC503A2}.Debug|Any CPU.Build.0 = Debug|Any CPU
		{D2113B05-AA85-43D6-BF40-3E5EAEC503A2}.Release|Any CPU.ActiveCfg = Release|Any CPU
		{D2113B05-AA85-43D6-BF40-3E5EAEC503A2}.Release|Any CPU.Build.0 = Release|Any CPU
		{FFEAB96F-1600-4853-A30D-3200B239212E}.Debug|Any CPU.ActiveCfg = Debug|Any CPU
		{FFEAB96F-1600-4853-A30D-3200B239212E}.Debug|Any CPU.Build.0 = Debug|Any CPU
		{FFEAB96F-1600-4853-A30D-3200B239212E}.Release|Any CPU.ActiveCfg = Release|Any CPU
		{FFEAB96F-1600-4853-A30D-3200B239212E}.Release|Any CPU.Build.0 = Release|Any CPU
		{74D11C3C-B0D6-4B97-AA47-41872891BCA6}.Debug|Any CPU.ActiveCfg = Debug|Any CPU
		{74D11C3C-B0D6-4B97-AA47-41872891BCA6}.Debug|Any CPU.Build.0 = Debug|Any CPU
		{74D11C3C-B0D6-4B97-AA47-41872891BCA6}.Release|Any CPU.ActiveCfg = Release|Any CPU
		{74D11C3C-B0D6-4B97-AA47-41872891BCA6}.Release|Any CPU.Build.0 = Release|Any CPU
		{21C2042E-023C-46DB-B72C-0EA194D1863D}.Debug|Any CPU.ActiveCfg = Debug|Any CPU
		{21C2042E-023C-46DB-B72C-0EA194D1863D}.Debug|Any CPU.Build.0 = Debug|Any CPU
		{21C2042E-023C-46DB-B72C-0EA194D1863D}.Release|Any CPU.ActiveCfg = Release|Any CPU
		{21C2042E-023C-46DB-B72C-0EA194D1863D}.Release|Any CPU.Build.0 = Release|Any CPU
	EndGlobalSection
	GlobalSection(SolutionProperties) = preSolution
		HideSolutionNode = FALSE
	EndGlobalSection
	GlobalSection(NestedProjects) = preSolution
		{21C2042E-023C-46DB-B72C-0EA194D1863D} = {9B11DC28-17DE-402D-AAC1-4447C9CD0295}
	EndGlobalSection
EndGlobal
