
Microsoft Visual Studio Solution File, Format Version 12.00
# Visual Studio 14
VisualStudioVersion = 14.0.24720.0
MinimumVisualStudioVersion = 10.0.40219.1
Project("{FAE04EC0-301F-11D3-BF4B-00C04F79EFBC}") = "Dsl", "Dsl\Dsl.csproj", "{64614F03-077C-4237-8070-2F3B09B3C0D1}"
EndProject
Project("{FAE04EC0-301F-11D3-BF4B-00C04F79EFBC}") = "UI", "UI\UI.csproj", "{E4E63C92-4E99-4F7E-8B6F-CBE23CFECC51}"
EndProject
Project("{FAE04EC0-301F-11D3-BF4B-00C04F79EFBC}") = "DslPackage", "DslPackage\DslPackage.csproj", "{6BC2A758-650D-4856-BE88-60298C764F47}"
EndProject
Project("{2150E333-8FDC-42A3-9474-1A3956D46DE8}") = "Common", "Common", "{05FE3BEB-CEEB-43FD-9ABE-6C6068D3E3FC}"
EndProject
Project("{FAE04EC0-301F-11D3-BF4B-00C04F79EFBC}") = "DevOpsFlex.Azure.Management", "..\DevOpsFlex.Common\DevOpsFlex.Azure.Management\DevOpsFlex.Azure.Management.csproj", "{EDA5E76D-6A16-4861-A923-F0C2CB63CFAE}"
EndProject
Project("{FAE04EC0-301F-11D3-BF4B-00C04F79EFBC}") = "DevOpsFlex.Data", "..\DevOpsFlex.Common\DevOpsFlex.Data\DevOpsFlex.Data.csproj", "{8D135DF6-D396-4191-A89A-953652BF3350}"
EndProject
Project("{FAE04EC0-301F-11D3-BF4B-00C04F79EFBC}") = "DevOpsFlex.Core", "..\DevOpsFlex.Common\DevOpsFlex.Core\DevOpsFlex.Core.csproj", "{FFEAB96F-1600-4853-A30D-3200B239212E}"
EndProject
Global
	GlobalSection(SolutionConfigurationPlatforms) = preSolution
		Debug|Any CPU = Debug|Any CPU
		Release|Any CPU = Release|Any CPU
	EndGlobalSection
	GlobalSection(ProjectConfigurationPlatforms) = postSolution
		{64614F03-077C-4237-8070-2F3B09B3C0D1}.Debug|Any CPU.ActiveCfg = Debug|Any CPU
		{64614F03-077C-4237-8070-2F3B09B3C0D1}.Debug|Any CPU.Build.0 = Debug|Any CPU
		{64614F03-077C-4237-8070-2F3B09B3C0D1}.Release|Any CPU.ActiveCfg = Release|Any CPU
		{64614F03-077C-4237-8070-2F3B09B3C0D1}.Release|Any CPU.Build.0 = Release|Any CPU
		{E4E63C92-4E99-4F7E-8B6F-CBE23CFECC51}.Debug|Any CPU.ActiveCfg = Debug|Any CPU
		{E4E63C92-4E99-4F7E-8B6F-CBE23CFECC51}.Debug|Any CPU.Build.0 = Debug|Any CPU
		{E4E63C92-4E99-4F7E-8B6F-CBE23CFECC51}.Release|Any CPU.ActiveCfg = Release|Any CPU
		{E4E63C92-4E99-4F7E-8B6F-CBE23CFECC51}.Release|Any CPU.Build.0 = Release|Any CPU
		{6BC2A758-650D-4856-BE88-60298C764F47}.Debug|Any CPU.ActiveCfg = Debug|Any CPU
		{6BC2A758-650D-4856-BE88-60298C764F47}.Debug|Any CPU.Build.0 = Debug|Any CPU
		{6BC2A758-650D-4856-BE88-60298C764F47}.Release|Any CPU.ActiveCfg = Release|Any CPU
		{6BC2A758-650D-4856-BE88-60298C764F47}.Release|Any CPU.Build.0 = Release|Any CPU
		{EDA5E76D-6A16-4861-A923-F0C2CB63CFAE}.Debug|Any CPU.ActiveCfg = Debug|Any CPU
		{EDA5E76D-6A16-4861-A923-F0C2CB63CFAE}.Debug|Any CPU.Build.0 = Debug|Any CPU
		{EDA5E76D-6A16-4861-A923-F0C2CB63CFAE}.Release|Any CPU.ActiveCfg = Release|Any CPU
		{EDA5E76D-6A16-4861-A923-F0C2CB63CFAE}.Release|Any CPU.Build.0 = Release|Any CPU
		{8D135DF6-D396-4191-A89A-953652BF3350}.Debug|Any CPU.ActiveCfg = Debug|Any CPU
		{8D135DF6-D396-4191-A89A-953652BF3350}.Debug|Any CPU.Build.0 = Debug|Any CPU
		{8D135DF6-D396-4191-A89A-953652BF3350}.Release|Any CPU.ActiveCfg = Release|Any CPU
		{8D135DF6-D396-4191-A89A-953652BF3350}.Release|Any CPU.Build.0 = Release|Any CPU
		{FFEAB96F-1600-4853-A30D-3200B239212E}.Debug|Any CPU.ActiveCfg = Debug|Any CPU
		{FFEAB96F-1600-4853-A30D-3200B239212E}.Debug|Any CPU.Build.0 = Debug|Any CPU
		{FFEAB96F-1600-4853-A30D-3200B239212E}.Release|Any CPU.ActiveCfg = Release|Any CPU
		{FFEAB96F-1600-4853-A30D-3200B239212E}.Release|Any CPU.Build.0 = Release|Any CPU
	EndGlobalSection
	GlobalSection(SolutionProperties) = preSolution
		HideSolutionNode = FALSE
	EndGlobalSection
	GlobalSection(NestedProjects) = preSolution
		{EDA5E76D-6A16-4861-A923-F0C2CB63CFAE} = {05FE3BEB-CEEB-43FD-9ABE-6C6068D3E3FC}
		{8D135DF6-D396-4191-A89A-953652BF3350} = {05FE3BEB-CEEB-43FD-9ABE-6C6068D3E3FC}
		{FFEAB96F-1600-4853-A30D-3200B239212E} = {05FE3BEB-CEEB-43FD-9ABE-6C6068D3E3FC}
	EndGlobalSection
EndGlobal
