
Microsoft Visual Studio Solution File, Format Version 12.00
# Visual Studio 2013
VisualStudioVersion = 12.0.31101.0
MinimumVisualStudioVersion = 10.0.40219.1
Project("{FAE04EC0-301F-11D3-BF4B-00C04F79EFBC}") = "DevOpsFlex.Activities", "DevOpsFlex.Activities\DevOpsFlex.Activities.csproj", "{DD8EEEFF-3BF9-47DB-BCE1-86FE30F067AC}"
EndProject
Project("{FAE04EC0-301F-11D3-BF4B-00C04F79EFBC}") = "DevOpsFlex.Activities.Designer", "DevOpsFlex.Activities.Designer\DevOpsFlex.Activities.Designer.csproj", "{3642B6FA-D15E-41D7-8C6E-747AC76A9D85}"
EndProject
Project("{2150E333-8FDC-42A3-9474-1A3956D46DE8}") = "Tests", "Tests", "{F2BEB49A-23D5-410E-BEDE-9BA79F0BA569}"
EndProject
Project("{FAE04EC0-301F-11D3-BF4B-00C04F79EFBC}") = "DevOpsFlex.Activities.Tests", "Tests\DevOpsFlex.Activities.Tests\DevOpsFlex.Activities.Tests.csproj", "{B7E3D599-DC52-419A-AEAE-A5ADD095F03D}"
EndProject
Project("{2150E333-8FDC-42A3-9474-1A3956D46DE8}") = "Common", "Common", "{5DB8383F-EF2E-49F7-AC99-281B1F4DB177}"
EndProject
Project("{FAE04EC0-301F-11D3-BF4B-00C04F79EFBC}") = "DevOpsFlex.Data", "..\DevOpsFlex.Common\DevOpsFlex.Data\DevOpsFlex.Data.csproj", "{8D135DF6-D396-4191-A89A-953652BF3350}"
EndProject
Project("{FAE04EC0-301F-11D3-BF4B-00C04F79EFBC}") = "DevOpsFlex.Core", "..\DevOpsFlex.Common\DevOpsFlex.Core\DevOpsFlex.Core.csproj", "{FFEAB96F-1600-4853-A30D-3200B239212E}"
EndProject
Project("{FAE04EC0-301F-11D3-BF4B-00C04F79EFBC}") = "DevOpsFlex.Core.Tests", "..\DevOpsFlex.Common\Tests\DevOpsFlex.Core.Tests\DevOpsFlex.Core.Tests.csproj", "{9D7CE2F8-BFF0-4226-8693-E779A2C30A8C}"
EndProject
Project("{FAE04EC0-301F-11D3-BF4B-00C04F79EFBC}") = "DevOpsFlex.Azure.Management", "..\DevOpsFlex.Common\DevOpsFlex.Azure.Management\DevOpsFlex.Azure.Management.csproj", "{EDA5E76D-6A16-4861-A923-F0C2CB63CFAE}"
EndProject
Project("{FAE04EC0-301F-11D3-BF4B-00C04F79EFBC}") = "DevOpsFlex.Azure.Management.Tests", "..\DevOpsFlex.Common\Tests\DevOpsFlex.Azure.Management.Tests\DevOpsFlex.Azure.Management.Tests.csproj", "{4A184036-B1BC-4965-A047-3E695391F76C}"
EndProject
Project("{FAE04EC0-301F-11D3-BF4B-00C04F79EFBC}") = "DevOpsFlex.Data.Tests", "..\DevOpsFlex.Common\Tests\DevOpsFlex.Data.Tests\DevOpsFlex.Data.Tests.csproj", "{B0D76756-02E1-4DE0-9CBD-0399AC1A6136}"
EndProject
Project("{FAE04EC0-301F-11D3-BF4B-00C04F79EFBC}") = "UnitTests.Common", "..\DevOpsFlex.Common\Tests\UnitTests.Common\UnitTests.Common.csproj", "{6EDBFBFC-A0A0-4650-A92E-B9A686C967FE}"
EndProject
Global
	GlobalSection(SolutionConfigurationPlatforms) = preSolution
		AT|Any CPU = AT|Any CPU
		CI|Any CPU = CI|Any CPU
		Debug|Any CPU = Debug|Any CPU
		DebugCI|Any CPU = DebugCI|Any CPU
		DEV|Any CPU = DEV|Any CPU
		MO|Any CPU = MO|Any CPU
		OAT|Any CPU = OAT|Any CPU
		Release|Any CPU = Release|Any CPU
	EndGlobalSection
	GlobalSection(ProjectConfigurationPlatforms) = postSolution
		{DD8EEEFF-3BF9-47DB-BCE1-86FE30F067AC}.AT|Any CPU.ActiveCfg = Release|Any CPU
		{DD8EEEFF-3BF9-47DB-BCE1-86FE30F067AC}.AT|Any CPU.Build.0 = Release|Any CPU
		{DD8EEEFF-3BF9-47DB-BCE1-86FE30F067AC}.CI|Any CPU.ActiveCfg = Release|Any CPU
		{DD8EEEFF-3BF9-47DB-BCE1-86FE30F067AC}.CI|Any CPU.Build.0 = Release|Any CPU
		{DD8EEEFF-3BF9-47DB-BCE1-86FE30F067AC}.Debug|Any CPU.ActiveCfg = Debug|Any CPU
		{DD8EEEFF-3BF9-47DB-BCE1-86FE30F067AC}.Debug|Any CPU.Build.0 = Debug|Any CPU
		{DD8EEEFF-3BF9-47DB-BCE1-86FE30F067AC}.DebugCI|Any CPU.ActiveCfg = Debug|Any CPU
		{DD8EEEFF-3BF9-47DB-BCE1-86FE30F067AC}.DebugCI|Any CPU.Build.0 = Debug|Any CPU
		{DD8EEEFF-3BF9-47DB-BCE1-86FE30F067AC}.DEV|Any CPU.ActiveCfg = Debug|Any CPU
		{DD8EEEFF-3BF9-47DB-BCE1-86FE30F067AC}.DEV|Any CPU.Build.0 = Debug|Any CPU
		{DD8EEEFF-3BF9-47DB-BCE1-86FE30F067AC}.MO|Any CPU.ActiveCfg = Release|Any CPU
		{DD8EEEFF-3BF9-47DB-BCE1-86FE30F067AC}.MO|Any CPU.Build.0 = Release|Any CPU
		{DD8EEEFF-3BF9-47DB-BCE1-86FE30F067AC}.OAT|Any CPU.ActiveCfg = Release|Any CPU
		{DD8EEEFF-3BF9-47DB-BCE1-86FE30F067AC}.OAT|Any CPU.Build.0 = Release|Any CPU
		{DD8EEEFF-3BF9-47DB-BCE1-86FE30F067AC}.Release|Any CPU.ActiveCfg = Release|Any CPU
		{DD8EEEFF-3BF9-47DB-BCE1-86FE30F067AC}.Release|Any CPU.Build.0 = Release|Any CPU
		{3642B6FA-D15E-41D7-8C6E-747AC76A9D85}.AT|Any CPU.ActiveCfg = Release|Any CPU
		{3642B6FA-D15E-41D7-8C6E-747AC76A9D85}.AT|Any CPU.Build.0 = Release|Any CPU
		{3642B6FA-D15E-41D7-8C6E-747AC76A9D85}.CI|Any CPU.ActiveCfg = Release|Any CPU
		{3642B6FA-D15E-41D7-8C6E-747AC76A9D85}.CI|Any CPU.Build.0 = Release|Any CPU
		{3642B6FA-D15E-41D7-8C6E-747AC76A9D85}.Debug|Any CPU.ActiveCfg = Debug|Any CPU
		{3642B6FA-D15E-41D7-8C6E-747AC76A9D85}.Debug|Any CPU.Build.0 = Debug|Any CPU
		{3642B6FA-D15E-41D7-8C6E-747AC76A9D85}.DebugCI|Any CPU.ActiveCfg = Debug|Any CPU
		{3642B6FA-D15E-41D7-8C6E-747AC76A9D85}.DebugCI|Any CPU.Build.0 = Debug|Any CPU
		{3642B6FA-D15E-41D7-8C6E-747AC76A9D85}.DEV|Any CPU.ActiveCfg = Debug|Any CPU
		{3642B6FA-D15E-41D7-8C6E-747AC76A9D85}.DEV|Any CPU.Build.0 = Debug|Any CPU
		{3642B6FA-D15E-41D7-8C6E-747AC76A9D85}.MO|Any CPU.ActiveCfg = Release|Any CPU
		{3642B6FA-D15E-41D7-8C6E-747AC76A9D85}.MO|Any CPU.Build.0 = Release|Any CPU
		{3642B6FA-D15E-41D7-8C6E-747AC76A9D85}.OAT|Any CPU.ActiveCfg = Release|Any CPU
		{3642B6FA-D15E-41D7-8C6E-747AC76A9D85}.OAT|Any CPU.Build.0 = Release|Any CPU
		{3642B6FA-D15E-41D7-8C6E-747AC76A9D85}.Release|Any CPU.ActiveCfg = Release|Any CPU
		{3642B6FA-D15E-41D7-8C6E-747AC76A9D85}.Release|Any CPU.Build.0 = Release|Any CPU
		{B7E3D599-DC52-419A-AEAE-A5ADD095F03D}.AT|Any CPU.ActiveCfg = Release|Any CPU
		{B7E3D599-DC52-419A-AEAE-A5ADD095F03D}.AT|Any CPU.Build.0 = Release|Any CPU
		{B7E3D599-DC52-419A-AEAE-A5ADD095F03D}.CI|Any CPU.ActiveCfg = Release|Any CPU
		{B7E3D599-DC52-419A-AEAE-A5ADD095F03D}.CI|Any CPU.Build.0 = Release|Any CPU
		{B7E3D599-DC52-419A-AEAE-A5ADD095F03D}.Debug|Any CPU.ActiveCfg = Debug|Any CPU
		{B7E3D599-DC52-419A-AEAE-A5ADD095F03D}.Debug|Any CPU.Build.0 = Debug|Any CPU
		{B7E3D599-DC52-419A-AEAE-A5ADD095F03D}.DebugCI|Any CPU.ActiveCfg = Debug|Any CPU
		{B7E3D599-DC52-419A-AEAE-A5ADD095F03D}.DebugCI|Any CPU.Build.0 = Debug|Any CPU
		{B7E3D599-DC52-419A-AEAE-A5ADD095F03D}.DEV|Any CPU.ActiveCfg = Debug|Any CPU
		{B7E3D599-DC52-419A-AEAE-A5ADD095F03D}.DEV|Any CPU.Build.0 = Debug|Any CPU
		{B7E3D599-DC52-419A-AEAE-A5ADD095F03D}.MO|Any CPU.ActiveCfg = Release|Any CPU
		{B7E3D599-DC52-419A-AEAE-A5ADD095F03D}.MO|Any CPU.Build.0 = Release|Any CPU
		{B7E3D599-DC52-419A-AEAE-A5ADD095F03D}.OAT|Any CPU.ActiveCfg = Release|Any CPU
		{B7E3D599-DC52-419A-AEAE-A5ADD095F03D}.OAT|Any CPU.Build.0 = Release|Any CPU
		{B7E3D599-DC52-419A-AEAE-A5ADD095F03D}.Release|Any CPU.ActiveCfg = Release|Any CPU
		{B7E3D599-DC52-419A-AEAE-A5ADD095F03D}.Release|Any CPU.Build.0 = Release|Any CPU
		{8D135DF6-D396-4191-A89A-953652BF3350}.AT|Any CPU.ActiveCfg = Release|Any CPU
		{8D135DF6-D396-4191-A89A-953652BF3350}.AT|Any CPU.Build.0 = Release|Any CPU
		{8D135DF6-D396-4191-A89A-953652BF3350}.CI|Any CPU.ActiveCfg = Release|Any CPU
		{8D135DF6-D396-4191-A89A-953652BF3350}.CI|Any CPU.Build.0 = Release|Any CPU
		{8D135DF6-D396-4191-A89A-953652BF3350}.Debug|Any CPU.ActiveCfg = Debug|Any CPU
		{8D135DF6-D396-4191-A89A-953652BF3350}.Debug|Any CPU.Build.0 = Debug|Any CPU
		{8D135DF6-D396-4191-A89A-953652BF3350}.DebugCI|Any CPU.ActiveCfg = Debug|Any CPU
		{8D135DF6-D396-4191-A89A-953652BF3350}.DebugCI|Any CPU.Build.0 = Debug|Any CPU
		{8D135DF6-D396-4191-A89A-953652BF3350}.DEV|Any CPU.ActiveCfg = Debug|Any CPU
		{8D135DF6-D396-4191-A89A-953652BF3350}.DEV|Any CPU.Build.0 = Debug|Any CPU
		{8D135DF6-D396-4191-A89A-953652BF3350}.MO|Any CPU.ActiveCfg = Release|Any CPU
		{8D135DF6-D396-4191-A89A-953652BF3350}.MO|Any CPU.Build.0 = Release|Any CPU
		{8D135DF6-D396-4191-A89A-953652BF3350}.OAT|Any CPU.ActiveCfg = Release|Any CPU
		{8D135DF6-D396-4191-A89A-953652BF3350}.OAT|Any CPU.Build.0 = Release|Any CPU
		{8D135DF6-D396-4191-A89A-953652BF3350}.Release|Any CPU.ActiveCfg = Release|Any CPU
		{8D135DF6-D396-4191-A89A-953652BF3350}.Release|Any CPU.Build.0 = Release|Any CPU
		{FFEAB96F-1600-4853-A30D-3200B239212E}.AT|Any CPU.ActiveCfg = Release|Any CPU
		{FFEAB96F-1600-4853-A30D-3200B239212E}.AT|Any CPU.Build.0 = Release|Any CPU
		{FFEAB96F-1600-4853-A30D-3200B239212E}.CI|Any CPU.ActiveCfg = Release|Any CPU
		{FFEAB96F-1600-4853-A30D-3200B239212E}.CI|Any CPU.Build.0 = Release|Any CPU
		{FFEAB96F-1600-4853-A30D-3200B239212E}.Debug|Any CPU.ActiveCfg = Debug|Any CPU
		{FFEAB96F-1600-4853-A30D-3200B239212E}.Debug|Any CPU.Build.0 = Debug|Any CPU
		{FFEAB96F-1600-4853-A30D-3200B239212E}.DebugCI|Any CPU.ActiveCfg = Debug|Any CPU
		{FFEAB96F-1600-4853-A30D-3200B239212E}.DebugCI|Any CPU.Build.0 = Debug|Any CPU
		{FFEAB96F-1600-4853-A30D-3200B239212E}.DEV|Any CPU.ActiveCfg = Debug|Any CPU
		{FFEAB96F-1600-4853-A30D-3200B239212E}.DEV|Any CPU.Build.0 = Debug|Any CPU
		{FFEAB96F-1600-4853-A30D-3200B239212E}.MO|Any CPU.ActiveCfg = Release|Any CPU
		{FFEAB96F-1600-4853-A30D-3200B239212E}.MO|Any CPU.Build.0 = Release|Any CPU
		{FFEAB96F-1600-4853-A30D-3200B239212E}.OAT|Any CPU.ActiveCfg = Release|Any CPU
		{FFEAB96F-1600-4853-A30D-3200B239212E}.OAT|Any CPU.Build.0 = Release|Any CPU
		{FFEAB96F-1600-4853-A30D-3200B239212E}.Release|Any CPU.ActiveCfg = Release|Any CPU
		{FFEAB96F-1600-4853-A30D-3200B239212E}.Release|Any CPU.Build.0 = Release|Any CPU
		{9D7CE2F8-BFF0-4226-8693-E779A2C30A8C}.AT|Any CPU.ActiveCfg = Release|Any CPU
		{9D7CE2F8-BFF0-4226-8693-E779A2C30A8C}.AT|Any CPU.Build.0 = Release|Any CPU
		{9D7CE2F8-BFF0-4226-8693-E779A2C30A8C}.CI|Any CPU.ActiveCfg = Release|Any CPU
		{9D7CE2F8-BFF0-4226-8693-E779A2C30A8C}.CI|Any CPU.Build.0 = Release|Any CPU
		{9D7CE2F8-BFF0-4226-8693-E779A2C30A8C}.Debug|Any CPU.ActiveCfg = Debug|Any CPU
		{9D7CE2F8-BFF0-4226-8693-E779A2C30A8C}.Debug|Any CPU.Build.0 = Debug|Any CPU
		{9D7CE2F8-BFF0-4226-8693-E779A2C30A8C}.DebugCI|Any CPU.ActiveCfg = Debug|Any CPU
		{9D7CE2F8-BFF0-4226-8693-E779A2C30A8C}.DebugCI|Any CPU.Build.0 = Debug|Any CPU
		{9D7CE2F8-BFF0-4226-8693-E779A2C30A8C}.DEV|Any CPU.ActiveCfg = Debug|Any CPU
		{9D7CE2F8-BFF0-4226-8693-E779A2C30A8C}.DEV|Any CPU.Build.0 = Debug|Any CPU
		{9D7CE2F8-BFF0-4226-8693-E779A2C30A8C}.MO|Any CPU.ActiveCfg = Release|Any CPU
		{9D7CE2F8-BFF0-4226-8693-E779A2C30A8C}.MO|Any CPU.Build.0 = Release|Any CPU
		{9D7CE2F8-BFF0-4226-8693-E779A2C30A8C}.OAT|Any CPU.ActiveCfg = Release|Any CPU
		{9D7CE2F8-BFF0-4226-8693-E779A2C30A8C}.OAT|Any CPU.Build.0 = Release|Any CPU
		{9D7CE2F8-BFF0-4226-8693-E779A2C30A8C}.Release|Any CPU.ActiveCfg = Release|Any CPU
		{9D7CE2F8-BFF0-4226-8693-E779A2C30A8C}.Release|Any CPU.Build.0 = Release|Any CPU
		{EDA5E76D-6A16-4861-A923-F0C2CB63CFAE}.AT|Any CPU.ActiveCfg = Release|Any CPU
		{EDA5E76D-6A16-4861-A923-F0C2CB63CFAE}.AT|Any CPU.Build.0 = Release|Any CPU
		{EDA5E76D-6A16-4861-A923-F0C2CB63CFAE}.CI|Any CPU.ActiveCfg = Release|Any CPU
		{EDA5E76D-6A16-4861-A923-F0C2CB63CFAE}.CI|Any CPU.Build.0 = Release|Any CPU
		{EDA5E76D-6A16-4861-A923-F0C2CB63CFAE}.Debug|Any CPU.ActiveCfg = Debug|Any CPU
		{EDA5E76D-6A16-4861-A923-F0C2CB63CFAE}.Debug|Any CPU.Build.0 = Debug|Any CPU
		{EDA5E76D-6A16-4861-A923-F0C2CB63CFAE}.DebugCI|Any CPU.ActiveCfg = Debug|Any CPU
		{EDA5E76D-6A16-4861-A923-F0C2CB63CFAE}.DebugCI|Any CPU.Build.0 = Debug|Any CPU
		{EDA5E76D-6A16-4861-A923-F0C2CB63CFAE}.DEV|Any CPU.ActiveCfg = Debug|Any CPU
		{EDA5E76D-6A16-4861-A923-F0C2CB63CFAE}.DEV|Any CPU.Build.0 = Debug|Any CPU
		{EDA5E76D-6A16-4861-A923-F0C2CB63CFAE}.MO|Any CPU.ActiveCfg = Release|Any CPU
		{EDA5E76D-6A16-4861-A923-F0C2CB63CFAE}.MO|Any CPU.Build.0 = Release|Any CPU
		{EDA5E76D-6A16-4861-A923-F0C2CB63CFAE}.OAT|Any CPU.ActiveCfg = Release|Any CPU
		{EDA5E76D-6A16-4861-A923-F0C2CB63CFAE}.OAT|Any CPU.Build.0 = Release|Any CPU
		{EDA5E76D-6A16-4861-A923-F0C2CB63CFAE}.Release|Any CPU.ActiveCfg = Release|Any CPU
		{EDA5E76D-6A16-4861-A923-F0C2CB63CFAE}.Release|Any CPU.Build.0 = Release|Any CPU
		{4A184036-B1BC-4965-A047-3E695391F76C}.AT|Any CPU.ActiveCfg = Release|Any CPU
		{4A184036-B1BC-4965-A047-3E695391F76C}.AT|Any CPU.Build.0 = Release|Any CPU
		{4A184036-B1BC-4965-A047-3E695391F76C}.CI|Any CPU.ActiveCfg = Release|Any CPU
		{4A184036-B1BC-4965-A047-3E695391F76C}.CI|Any CPU.Build.0 = Release|Any CPU
		{4A184036-B1BC-4965-A047-3E695391F76C}.Debug|Any CPU.ActiveCfg = Debug|Any CPU
		{4A184036-B1BC-4965-A047-3E695391F76C}.Debug|Any CPU.Build.0 = Debug|Any CPU
		{4A184036-B1BC-4965-A047-3E695391F76C}.DebugCI|Any CPU.ActiveCfg = Debug|Any CPU
		{4A184036-B1BC-4965-A047-3E695391F76C}.DebugCI|Any CPU.Build.0 = Debug|Any CPU
		{4A184036-B1BC-4965-A047-3E695391F76C}.DEV|Any CPU.ActiveCfg = Debug|Any CPU
		{4A184036-B1BC-4965-A047-3E695391F76C}.DEV|Any CPU.Build.0 = Debug|Any CPU
		{4A184036-B1BC-4965-A047-3E695391F76C}.MO|Any CPU.ActiveCfg = Release|Any CPU
		{4A184036-B1BC-4965-A047-3E695391F76C}.MO|Any CPU.Build.0 = Release|Any CPU
		{4A184036-B1BC-4965-A047-3E695391F76C}.OAT|Any CPU.ActiveCfg = Release|Any CPU
		{4A184036-B1BC-4965-A047-3E695391F76C}.OAT|Any CPU.Build.0 = Release|Any CPU
		{4A184036-B1BC-4965-A047-3E695391F76C}.Release|Any CPU.ActiveCfg = Release|Any CPU
		{4A184036-B1BC-4965-A047-3E695391F76C}.Release|Any CPU.Build.0 = Release|Any CPU
		{B0D76756-02E1-4DE0-9CBD-0399AC1A6136}.AT|Any CPU.ActiveCfg = Release|Any CPU
		{B0D76756-02E1-4DE0-9CBD-0399AC1A6136}.AT|Any CPU.Build.0 = Release|Any CPU
		{B0D76756-02E1-4DE0-9CBD-0399AC1A6136}.CI|Any CPU.ActiveCfg = Release|Any CPU
		{B0D76756-02E1-4DE0-9CBD-0399AC1A6136}.CI|Any CPU.Build.0 = Release|Any CPU
		{B0D76756-02E1-4DE0-9CBD-0399AC1A6136}.Debug|Any CPU.ActiveCfg = Debug|Any CPU
		{B0D76756-02E1-4DE0-9CBD-0399AC1A6136}.Debug|Any CPU.Build.0 = Debug|Any CPU
		{B0D76756-02E1-4DE0-9CBD-0399AC1A6136}.DebugCI|Any CPU.ActiveCfg = Debug|Any CPU
		{B0D76756-02E1-4DE0-9CBD-0399AC1A6136}.DebugCI|Any CPU.Build.0 = Debug|Any CPU
		{B0D76756-02E1-4DE0-9CBD-0399AC1A6136}.DEV|Any CPU.ActiveCfg = Debug|Any CPU
		{B0D76756-02E1-4DE0-9CBD-0399AC1A6136}.DEV|Any CPU.Build.0 = Debug|Any CPU
		{B0D76756-02E1-4DE0-9CBD-0399AC1A6136}.MO|Any CPU.ActiveCfg = Release|Any CPU
		{B0D76756-02E1-4DE0-9CBD-0399AC1A6136}.MO|Any CPU.Build.0 = Release|Any CPU
		{B0D76756-02E1-4DE0-9CBD-0399AC1A6136}.OAT|Any CPU.ActiveCfg = Release|Any CPU
		{B0D76756-02E1-4DE0-9CBD-0399AC1A6136}.OAT|Any CPU.Build.0 = Release|Any CPU
		{B0D76756-02E1-4DE0-9CBD-0399AC1A6136}.Release|Any CPU.ActiveCfg = Release|Any CPU
		{B0D76756-02E1-4DE0-9CBD-0399AC1A6136}.Release|Any CPU.Build.0 = Release|Any CPU
		{6EDBFBFC-A0A0-4650-A92E-B9A686C967FE}.AT|Any CPU.ActiveCfg = AT|Any CPU
		{6EDBFBFC-A0A0-4650-A92E-B9A686C967FE}.AT|Any CPU.Build.0 = AT|Any CPU
		{6EDBFBFC-A0A0-4650-A92E-B9A686C967FE}.CI|Any CPU.ActiveCfg = CI|Any CPU
		{6EDBFBFC-A0A0-4650-A92E-B9A686C967FE}.CI|Any CPU.Build.0 = CI|Any CPU
		{6EDBFBFC-A0A0-4650-A92E-B9A686C967FE}.Debug|Any CPU.ActiveCfg = Debug|Any CPU
		{6EDBFBFC-A0A0-4650-A92E-B9A686C967FE}.Debug|Any CPU.Build.0 = Debug|Any CPU
		{6EDBFBFC-A0A0-4650-A92E-B9A686C967FE}.DebugCI|Any CPU.ActiveCfg = DebugCI|Any CPU
		{6EDBFBFC-A0A0-4650-A92E-B9A686C967FE}.DebugCI|Any CPU.Build.0 = DebugCI|Any CPU
		{6EDBFBFC-A0A0-4650-A92E-B9A686C967FE}.DEV|Any CPU.ActiveCfg = DEV|Any CPU
		{6EDBFBFC-A0A0-4650-A92E-B9A686C967FE}.DEV|Any CPU.Build.0 = DEV|Any CPU
		{6EDBFBFC-A0A0-4650-A92E-B9A686C967FE}.MO|Any CPU.ActiveCfg = MO|Any CPU
		{6EDBFBFC-A0A0-4650-A92E-B9A686C967FE}.MO|Any CPU.Build.0 = MO|Any CPU
		{6EDBFBFC-A0A0-4650-A92E-B9A686C967FE}.OAT|Any CPU.ActiveCfg = OAT|Any CPU
		{6EDBFBFC-A0A0-4650-A92E-B9A686C967FE}.OAT|Any CPU.Build.0 = OAT|Any CPU
		{6EDBFBFC-A0A0-4650-A92E-B9A686C967FE}.Release|Any CPU.ActiveCfg = Release|Any CPU
		{6EDBFBFC-A0A0-4650-A92E-B9A686C967FE}.Release|Any CPU.Build.0 = Release|Any CPU
	EndGlobalSection
	GlobalSection(SolutionProperties) = preSolution
		HideSolutionNode = FALSE
	EndGlobalSection
	GlobalSection(NestedProjects) = preSolution
		{B7E3D599-DC52-419A-AEAE-A5ADD095F03D} = {F2BEB49A-23D5-410E-BEDE-9BA79F0BA569}
		{8D135DF6-D396-4191-A89A-953652BF3350} = {5DB8383F-EF2E-49F7-AC99-281B1F4DB177}
		{FFEAB96F-1600-4853-A30D-3200B239212E} = {5DB8383F-EF2E-49F7-AC99-281B1F4DB177}
		{9D7CE2F8-BFF0-4226-8693-E779A2C30A8C} = {F2BEB49A-23D5-410E-BEDE-9BA79F0BA569}
		{EDA5E76D-6A16-4861-A923-F0C2CB63CFAE} = {5DB8383F-EF2E-49F7-AC99-281B1F4DB177}
		{4A184036-B1BC-4965-A047-3E695391F76C} = {F2BEB49A-23D5-410E-BEDE-9BA79F0BA569}
		{B0D76756-02E1-4DE0-9CBD-0399AC1A6136} = {F2BEB49A-23D5-410E-BEDE-9BA79F0BA569}
		{6EDBFBFC-A0A0-4650-A92E-B9A686C967FE} = {F2BEB49A-23D5-410E-BEDE-9BA79F0BA569}
	EndGlobalSection
EndGlobal
