
Microsoft Visual Studio Solution File, Format Version 12.00
# Visual Studio 14
VisualStudioVersion = 14.0.24720.0
MinimumVisualStudioVersion = 10.0.40219.1
Project("{2150E333-8FDC-42A3-9474-1A3956D46DE8}") = "Tests", "Tests", "{D3C5D223-0C7B-4F27-A9AA-D68440F4DD13}"
EndProject
Project("{FAE04EC0-301F-11D3-BF4B-00C04F79EFBC}") = "DevOpsFlex.Analyzers", "DevOpsFlex.Analyzers\DevOpsFlex.Analyzers.csproj", "{2D1881C8-B73F-4952-984C-3FE147E86C65}"
EndProject
Project("{FAE04EC0-301F-11D3-BF4B-00C04F79EFBC}") = "DevOpsFlex.Analyzers.Vsix", "DevOpsFlex.Analyzers.Vsix\DevOpsFlex.Analyzers.Vsix.csproj", "{D76A027B-2C1F-4C0A-86EB-F51D61B4F3B7}"
EndProject
Project("{FAE04EC0-301F-11D3-BF4B-00C04F79EFBC}") = "DevOpsFlex.Analyzers.Test", "Tests\DevOpsFlex.Analyzers.Test\DevOpsFlex.Analyzers.Test.csproj", "{4E621B2C-111E-4E0B-BAE9-2C530F915771}"
EndProject
Global
	GlobalSection(SolutionConfigurationPlatforms) = preSolution
		Debug|Any CPU = Debug|Any CPU
		Release|Any CPU = Release|Any CPU
	EndGlobalSection
	GlobalSection(ProjectConfigurationPlatforms) = postSolution
		{2D1881C8-B73F-4952-984C-3FE147E86C65}.Debug|Any CPU.ActiveCfg = Debug|Any CPU
		{2D1881C8-B73F-4952-984C-3FE147E86C65}.Debug|Any CPU.Build.0 = Debug|Any CPU
		{2D1881C8-B73F-4952-984C-3FE147E86C65}.Release|Any CPU.ActiveCfg = Release|Any CPU
		{2D1881C8-B73F-4952-984C-3FE147E86C65}.Release|Any CPU.Build.0 = Release|Any CPU
		{D76A027B-2C1F-4C0A-86EB-F51D61B4F3B7}.Debug|Any CPU.ActiveCfg = Debug|Any CPU
		{D76A027B-2C1F-4C0A-86EB-F51D61B4F3B7}.Debug|Any CPU.Build.0 = Debug|Any CPU
		{D76A027B-2C1F-4C0A-86EB-F51D61B4F3B7}.Release|Any CPU.ActiveCfg = Release|Any CPU
		{D76A027B-2C1F-4C0A-86EB-F51D61B4F3B7}.Release|Any CPU.Build.0 = Release|Any CPU
		{4E621B2C-111E-4E0B-BAE9-2C530F915771}.Debug|Any CPU.ActiveCfg = Debug|Any CPU
		{4E621B2C-111E-4E0B-BAE9-2C530F915771}.Debug|Any CPU.Build.0 = Debug|Any CPU
		{4E621B2C-111E-4E0B-BAE9-2C530F915771}.Release|Any CPU.ActiveCfg = Release|Any CPU
		{4E621B2C-111E-4E0B-BAE9-2C530F915771}.Release|Any CPU.Build.0 = Release|Any CPU
	EndGlobalSection
	GlobalSection(SolutionProperties) = preSolution
		HideSolutionNode = FALSE
	EndGlobalSection
	GlobalSection(NestedProjects) = preSolution
		{4E621B2C-111E-4E0B-BAE9-2C530F915771} = {D3C5D223-0C7B-4F27-A9AA-D68440F4DD13}
	EndGlobalSection
EndGlobal
